Microsoft Visual Studio Solution File, Format Version 12.00
# Visual Studio Version 17
VisualStudioVersion = 17.5.2.0
MinimumVisualStudioVersion = 10.0.40219.1
Project("{FAE04EC0-301F-11D3-BF4B-00C04F79EFBC}") = "GYM_PW", "GYM_PW.csproj", "{CC4CA9E2-6452-5EA3-5338-A99981C2C12A}"
EndProject
Global
	GlobalSection(SolutionConfigurationPlatforms) = preSolution
		Debug|Any CPU = Debug|Any CPU
		Release|Any CPU = Release|Any CPU
	EndGlobalSection
	GlobalSection(ProjectConfigurationPlatforms) = postSolution
		{CC4CA9E2-6452-5EA3-5338-A99981C2C12A}.Debug|Any CPU.ActiveCfg = Debug|Any CPU
		{CC4CA9E2-6452-5EA3-5338-A99981C2C12A}.Debug|Any CPU.Build.0 = Debug|Any CPU
		{CC4CA9E2-6452-5EA3-5338-A99981C2C12A}.Release|Any CPU.ActiveCfg = Release|Any CPU
		{CC4CA9E2-6452-5EA3-5338-A99981C2C12A}.Release|Any CPU.Build.0 = Release|Any CPU
	EndGlobalSection
	GlobalSection(SolutionProperties) = preSolution
		HideSolutionNode = FALSE
	EndGlobalSection
	GlobalSection(ExtensibilityGlobals) = postSolution
		SolutionGuid = {70143DCD-599B-4B8B-B20D-A9E87972B74A}
	EndGlobalSection
EndGlobal
